
Microsoft Visual Studio Solution File, Format Version 12.00
# Visual Studio 15
Project("{FAE04EC0-301F-11D3-BF4B-00C04F79EFBC}") = "SkiaPlayground", "SkiaPlayground\SkiaPlayground.csproj", "{93D754B3-15AC-4B69-9C3E-6F7B38CC422A}"
EndProject
Global
	GlobalSection(SolutionConfigurationPlatforms) = preSolution
		Debug|x86 = Debug|x86
		Release|x86 = Release|x86
	EndGlobalSection
	GlobalSection(ProjectConfigurationPlatforms) = postSolution
		{93D754B3-15AC-4B69-9C3E-6F7B38CC422A}.Debug|x86.ActiveCfg = Debug|x86
		{93D754B3-15AC-4B69-9C3E-6F7B38CC422A}.Debug|x86.Build.0 = Debug|x86
		{93D754B3-15AC-4B69-9C3E-6F7B38CC422A}.Release|x86.ActiveCfg = Release|x86
		{93D754B3-15AC-4B69-9C3E-6F7B38CC422A}.Release|x86.Build.0 = Release|x86
	EndGlobalSection
EndGlobal
